
Microsoft Visual Studio Solution File, Format Version 12.00
# Visual Studio Version 16
VisualStudioVersion = 16.0.31005.135
MinimumVisualStudioVersion = 10.0.40219.1
Project("{FAE04EC0-301F-11D3-BF4B-00C04F79EFBC}") = "DoctoLib", "DoctoLib\DoctoLib.csproj", "{8ACA99E9-CCF9-4186-B451-B8C73DE28AA6}"
EndProject
Global
	GlobalSection(SolutionConfigurationPlatforms) = preSolution
		Debug|Any CPU = Debug|Any CPU
		Release|Any CPU = Release|Any CPU
	EndGlobalSection
	GlobalSection(ProjectConfigurationPlatforms) = postSolution
		{8ACA99E9-CCF9-4186-B451-B8C73DE28AA6}.Debug|Any CPU.ActiveCfg = Debug|Any CPU
		{8ACA99E9-CCF9-4186-B451-B8C73DE28AA6}.Debug|Any CPU.Build.0 = Debug|Any CPU
		{8ACA99E9-CCF9-4186-B451-B8C73DE28AA6}.Release|Any CPU.ActiveCfg = Release|Any CPU
		{8ACA99E9-CCF9-4186-B451-B8C73DE28AA6}.Release|Any CPU.Build.0 = Release|Any CPU
	EndGlobalSection
	GlobalSection(SolutionProperties) = preSolution
		HideSolutionNode = FALSE
	EndGlobalSection
	GlobalSection(ExtensibilityGlobals) = postSolution
		SolutionGuid = {F1879800-CEB9-453F-87DD-9B665000D3FB}
	EndGlobalSection
EndGlobal
